
Microsoft Visual Studio Solution File, Format Version 12.00
# Visual Studio Version 17
VisualStudioVersion = 17.9.34728.123
MinimumVisualStudioVersion = 10.0.40219.1
Project("{FAE04EC0-301F-11D3-BF4B-00C04F79EFBC}") = "ejercicio8INF", "ejercicio8INF\ejercicio8INF.csproj", "{BFDEAE58-A354-42F6-8462-D72214E4EEA0}"
EndProject
Global
	GlobalSection(SolutionConfigurationPlatforms) = preSolution
		Debug|Any CPU = Debug|Any CPU
		Release|Any CPU = Release|Any CPU
	EndGlobalSection
	GlobalSection(ProjectConfigurationPlatforms) = postSolution
		{BFDEAE58-A354-42F6-8462-D72214E4EEA0}.Debug|Any CPU.ActiveCfg = Debug|Any CPU
		{BFDEAE58-A354-42F6-8462-D72214E4EEA0}.Debug|Any CPU.Build.0 = Debug|Any CPU
		{BFDEAE58-A354-42F6-8462-D72214E4EEA0}.Release|Any CPU.ActiveCfg = Release|Any CPU
		{BFDEAE58-A354-42F6-8462-D72214E4EEA0}.Release|Any CPU.Build.0 = Release|Any CPU
	EndGlobalSection
	GlobalSection(SolutionProperties) = preSolution
		HideSolutionNode = FALSE
	EndGlobalSection
	GlobalSection(ExtensibilityGlobals) = postSolution
		SolutionGuid = {8BFA9F4C-DCCF-4642-909E-D7CC07F623AC}
	EndGlobalSection
EndGlobal
